
Microsoft Visual Studio Solution File, Format Version 12.00
# Visual Studio Version 17
VisualStudioVersion = 17.10.35122.118
MinimumVisualStudioVersion = 10.0.40219.1
Project("{9A19103F-16F7-4668-BE54-9A1E7A4F7556}") = "DEPI9APITask.API", "DEPI9APITask.API\DEPI9APITask.API.csproj", "{7FF60D6A-1481-4826-9B68-125D8CD379C7}"
EndProject
Project("{9A19103F-16F7-4668-BE54-9A1E7A4F7556}") = "DEPI9APITask.BL", "DEPI9APITask.BL\DEPI9APITask.BL.csproj", "{52B59463-EBA9-4E63-95A7-A7448FDEE4D8}"
EndProject
Project("{9A19103F-16F7-4668-BE54-9A1E7A4F7556}") = "DEPI9APITask.DAL", "DEPI9APITask.DAL\DEPI9APITask.DAL.csproj", "{F2210D88-4855-4D46-B15D-CAB8B6B06746}"
EndProject
Global
	GlobalSection(SolutionConfigurationPlatforms) = preSolution
		Debug|Any CPU = Debug|Any CPU
		Release|Any CPU = Release|Any CPU
	EndGlobalSection
	GlobalSection(ProjectConfigurationPlatforms) = postSolution
		{7FF60D6A-1481-4826-9B68-125D8CD379C7}.Debug|Any CPU.ActiveCfg = Debug|Any CPU
		{7FF60D6A-1481-4826-9B68-125D8CD379C7}.Debug|Any CPU.Build.0 = Debug|Any CPU
		{7FF60D6A-1481-4826-9B68-125D8CD379C7}.Release|Any CPU.ActiveCfg = Release|Any CPU
		{7FF60D6A-1481-4826-9B68-125D8CD379C7}.Release|Any CPU.Build.0 = Release|Any CPU
		{52B59463-EBA9-4E63-95A7-A7448FDEE4D8}.Debug|Any CPU.ActiveCfg = Debug|Any CPU
		{52B59463-EBA9-4E63-95A7-A7448FDEE4D8}.Debug|Any CPU.Build.0 = Debug|Any CPU
		{52B59463-EBA9-4E63-95A7-A7448FDEE4D8}.Release|Any CPU.ActiveCfg = Release|Any CPU
		{52B59463-EBA9-4E63-95A7-A7448FDEE4D8}.Release|Any CPU.Build.0 = Release|Any CPU
		{F2210D88-4855-4D46-B15D-CAB8B6B06746}.Debug|Any CPU.ActiveCfg = Debug|Any CPU
		{F2210D88-4855-4D46-B15D-CAB8B6B06746}.Debug|Any CPU.Build.0 = Debug|Any CPU
		{F2210D88-4855-4D46-B15D-CAB8B6B06746}.Release|Any CPU.ActiveCfg = Release|Any CPU
		{F2210D88-4855-4D46-B15D-CAB8B6B06746}.Release|Any CPU.Build.0 = Release|Any CPU
	EndGlobalSection
	GlobalSection(SolutionProperties) = preSolution
		HideSolutionNode = FALSE
	EndGlobalSection
	GlobalSection(ExtensibilityGlobals) = postSolution
		SolutionGuid = {954B1B4D-03EA-4A3C-801B-141A7158EA0B}
	EndGlobalSection
EndGlobal
